
Microsoft Visual Studio Solution File, Format Version 12.00
# Visual Studio 15
VisualStudioVersion = 15.0.27004.2006
MinimumVisualStudioVersion = 10.0.40219.1
Project("{8BC9CEB8-8B4A-11D0-8D11-00A0C91BC942}") = "GLEngine-core", "GLEngine-core\GLEngine-core.vcxproj", "{9CBAAE4B-D4B1-4464-85AE-6D8F200633E6}"
EndProject
Global
	GlobalSection(SolutionConfigurationPlatforms) = preSolution
		Debug|x64 = Debug|x64
		Debug|x86 = Debug|x86
		Release|x64 = Release|x64
		Release|x86 = Release|x86
	EndGlobalSection
	GlobalSection(ProjectConfigurationPlatforms) = postSolution
		{9CBAAE4B-D4B1-4464-85AE-6D8F200633E6}.Debug|x64.ActiveCfg = Debug|x64
		{9CBAAE4B-D4B1-4464-85AE-6D8F200633E6}.Debug|x64.Build.0 = Debug|x64
		{9CBAAE4B-D4B1-4464-85AE-6D8F200633E6}.Debug|x86.ActiveCfg = Debug|Win32
		{9CBAAE4B-D4B1-4464-85AE-6D8F200633E6}.Debug|x86.Build.0 = Debug|Win32
		{9CBAAE4B-D4B1-4464-85AE-6D8F200633E6}.Release|x64.ActiveCfg = Release|x64
		{9CBAAE4B-D4B1-4464-85AE-6D8F200633E6}.Release|x64.Build.0 = Release|x64
		{9CBAAE4B-D4B1-4464-85AE-6D8F200633E6}.Release|x86.ActiveCfg = Release|Win32
		{9CBAAE4B-D4B1-4464-85AE-6D8F200633E6}.Release|x86.Build.0 = Release|Win32
	EndGlobalSection
	GlobalSection(SolutionProperties) = preSolution
		HideSolutionNode = FALSE
	EndGlobalSection
	GlobalSection(ExtensibilityGlobals) = postSolution
		SolutionGuid = {635CA526-3926-4E6C-A74F-5ADAEB11AE6A}
	EndGlobalSection
EndGlobal
